{
  "name": "Basic Encrypter",
  "lockfileVersion": 3,
  "requires": true,
  "packages": {
    "": {
      "dependencies": {
        "quick.db": "^9.1.7"
      }
    },
    "node_modules/lodash": {
      "version": "4.17.21",
      "resolved": "https://registry.npmjs.org/lodash/-/lodash-4.17.21.tgz",
      "integrity": "sha512-v2kDEe57lecTulaDIuNTPy3Ry4gLGJ6Z1O3vE1krgXZNrsQ+LFTGHVxVjcXPs17LhbZVGedAJv8XZ1tvj5FvSg=="
    },
    "node_modules/quick.db": {
      "version": "9.1.7",
      "resolved": "https://registry.npmjs.org/quick.db/-/quick.db-9.1.7.tgz",
      "integrity": "sha512-ZLPVLVFZtvFRLHqIK99iyrLDUznOTpnp5tB+QpGErT+reDSvgBELuVsMkGSSiqKT9R2YSOhO+096Wb0xTaOHMA==",
      "dependencies": {
        "lodash": "^4.17.21"
      }
    }
  }
}
